
Microsoft Visual Studio Solution File, Format Version 12.00
# Visual Studio 15
VisualStudioVersion = 15.0.28307.489
MinimumVisualStudioVersion = 10.0.40219.1
Project("{9A19103F-16F7-4668-BE54-9A1E7A4F7556}") = "FirstSampleConsoleMq.Publisher", "FirstSampleConsoleMq.Publisher\FirstSampleConsoleMq.Publisher.csproj", "{FA0BE8E1-1B9B-43FC-80D4-EF574F71FE2A}"
EndProject
Project("{9A19103F-16F7-4668-BE54-9A1E7A4F7556}") = "FirstSampleConsoleMq.Consumer", "FirstSampleConsoleMq.Consumer\FirstSampleConsoleMq.Consumer.csproj", "{B6BAEAB7-06DE-4A99-9279-1B5470879D9E}"
EndProject
Global
	GlobalSection(SolutionConfigurationPlatforms) = preSolution
		Debug|Any CPU = Debug|Any CPU
		Release|Any CPU = Release|Any CPU
	EndGlobalSection
	GlobalSection(ProjectConfigurationPlatforms) = postSolution
		{FA0BE8E1-1B9B-43FC-80D4-EF574F71FE2A}.Debug|Any CPU.ActiveCfg = Debug|Any CPU
		{FA0BE8E1-1B9B-43FC-80D4-EF574F71FE2A}.Debug|Any CPU.Build.0 = Debug|Any CPU
		{FA0BE8E1-1B9B-43FC-80D4-EF574F71FE2A}.Release|Any CPU.ActiveCfg = Release|Any CPU
		{FA0BE8E1-1B9B-43FC-80D4-EF574F71FE2A}.Release|Any CPU.Build.0 = Release|Any CPU
		{B6BAEAB7-06DE-4A99-9279-1B5470879D9E}.Debug|Any CPU.ActiveCfg = Debug|Any CPU
		{B6BAEAB7-06DE-4A99-9279-1B5470879D9E}.Debug|Any CPU.Build.0 = Debug|Any CPU
		{B6BAEAB7-06DE-4A99-9279-1B5470879D9E}.Release|Any CPU.ActiveCfg = Release|Any CPU
		{B6BAEAB7-06DE-4A99-9279-1B5470879D9E}.Release|Any CPU.Build.0 = Release|Any CPU
	EndGlobalSection
	GlobalSection(SolutionProperties) = preSolution
		HideSolutionNode = FALSE
	EndGlobalSection
	GlobalSection(ExtensibilityGlobals) = postSolution
		SolutionGuid = {25F9B8A3-C942-48ED-8CC5-76F9326EDF02}
	EndGlobalSection
EndGlobal
